// !$*UTF8*$!
{
	archiveVersion = 1;
	classes = {
	};
	objectVersion = 55;
	objects = {

/* Begin PBXBuildFile section */
		BAA831962824A06000349BC0 /* AppDelegate.swift in Sources */ = {isa = PBXBuildFile; fileRef = BAA831952824A06000349BC0 /* AppDelegate.swift */; };
		BAA831982824A06000349BC0 /* SceneDelegate.swift in Sources */ = {isa = PBXBuildFile; fileRef = BAA831972824A06000349BC0 /* SceneDelegate.swift */; };
		BAA8319A2824A06000349BC0 /* _ViewController.swift in Sources */ = {isa = PBXBuildFile; fileRef = BAA831992824A06000349BC0 /* _ViewController.swift */; };
		BAA8319D2824A06000349BC0 /* Main.storyboard in Resources */ = {isa = PBXBuildFile; fileRef = BAA8319B2824A06000349BC0 /* Main.storyboard */; };
		BAA8319F2824A06000349BC0 /* Assets.xcassets in Resources */ = {isa = PBXBuildFile; fileRef = BAA8319E2824A06000349BC0 /* Assets.xcassets */; };
		BAA831A22824A06000349BC0 /* LaunchScreen.storyboard in Resources */ = {isa = PBXBuildFile; fileRef = BAA831A02824A06000349BC0 /* LaunchScreen.storyboard */; };
		BAA831AD2824A06100349BC0 /* SoundTests.swift in Sources */ = {isa = PBXBuildFile; fileRef = BAA831AC2824A06100349BC0 /* SoundTests.swift */; };
		BAA831B72824A06100349BC0 /* SoundUITests.swift in Sources */ = {isa = PBXBuildFile; fileRef = BAA831B62824A06100349BC0 /* SoundUITests.swift */; };
		BAA831B92824A06100349BC0 /* SoundUITestsLaunchTests.swift in Sources */ = {isa = PBXBuildFile; fileRef = BAA831B82824A06100349BC0 /* SoundUITestsLaunchTests.swift */; };
		BAA832022824CB5B00349BC0 /* ViewController.swift in Sources */ = {isa = PBXBuildFile; fileRef = BAA832012824CB5B00349BC0 /* ViewController.swift */; };
/* End PBXBuildFile section */

/* Begin PBXContainerItemProxy section */
		BAA831A92824A06100349BC0 /* PBXContainerItemProxy */ = {
			isa = PBXContainerItemProxy;
			containerPortal = BAA8318A2824A06000349BC0 /* Project object */;
			proxyType = 1;
			remoteGlobalIDString = BAA831912824A06000349BC0;
			remoteInfo = Sound;
		};
		BAA831B32824A06100349BC0 /* PBXContainerItemProxy */ = {
			isa = PBXContainerItemProxy;
			containerPortal = BAA8318A2824A06000349BC0 /* Project object */;
			proxyType = 1;
			remoteGlobalIDString = BAA831912824A06000349BC0;
			remoteInfo = Sound;
		};
/* End PBXContainerItemProxy section */

/* Begin PBXFileReference section */
		BAA831922824A06000349BC0 /* Sound.app */ = {isa = PBXFileReference; explicitFileType = wrapper.application; includeInIndex = 0; path = Sound.app; sourceTree = BUILT_PRODUCTS_DIR; };
		BAA831952824A06000349BC0 /* AppDelegate.swift */ = {isa = PBXFileReference; lastKnownFileType = sourcecode.swift; path = AppDelegate.swift; sourceTree = "<group>"; };
		BAA831972824A06000349BC0 /* SceneDelegate.swift */ = {isa = PBXFileReference; lastKnownFileType = sourcecode.swift; path = SceneDelegate.swift; sourceTree = "<group>"; };
		BAA831992824A06000349BC0 /* _ViewController.swift */ = {isa = PBXFileReference; lastKnownFileType = sourcecode.swift; path = _ViewController.swift; sourceTree = "<group>"; };
		BAA8319C2824A06000349BC0 /* Base */ = {isa = PBXFileReference; lastKnownFileType = file.storyboard; name = Base; path = Base.lproj/Main.storyboard; sourceTree = "<group>"; };
		BAA8319E2824A06000349BC0 /* Assets.xcassets */ = {isa = PBXFileReference; lastKnownFileType = folder.assetcatalog; path = Assets.xcassets; sourceTree = "<group>"; };
		BAA831A12824A06000349BC0 /* Base */ = {isa = PBXFileReference; lastKnownFileType = file.storyboard; name = Base; path = Base.lproj/LaunchScreen.storyboard; sourceTree = "<group>"; };
		BAA831A32824A06000349BC0 /* Info.plist */ = {isa = PBXFileReference; lastKnownFileType = text.plist.xml; path = Info.plist; sourceTree = "<group>"; };
		BAA831A82824A06100349BC0 /* SoundTests.xctest */ = {isa = PBXFileReference; explicitFileType = wrapper.cfbundle; includeInIndex = 0; path = SoundTests.xctest; sourceTree = BUILT_PRODUCTS_DIR; };
		BAA831AC2824A06100349BC0 /* SoundTests.swift */ = {isa = PBXFileReference; lastKnownFileType = sourcecode.swift; path = SoundTests.swift; sourceTree = "<group>"; };
		BAA831B22824A06100349BC0 /* SoundUITests.xctest */ = {isa = PBXFileReference; explicitFileType = wrapper.cfbundle; includeInIndex = 0; path = SoundUITests.xctest; sourceTree = BUILT_PRODUCTS_DIR; };
		BAA831B62824A06100349BC0 /* SoundUITests.swift */ = {isa = PBXFileReference; lastKnownFileType = sourcecode.swift; path = SoundUITests.swift; sourceTree = "<group>"; };
		BAA831B82824A06100349BC0 /* SoundUITestsLaunchTests.swift */ = {isa = PBXFileReference; lastKnownFileType = sourcecode.swift; path = SoundUITestsLaunchTests.swift; sourceTree = "<group>"; };
		BAA832012824CB5B00349BC0 /* ViewController.swift */ = {isa = PBXFileReference; lastKnownFileType = sourcecode.swift; path = ViewController.swift; sourceTree = "<group>"; };
/* End PBXFileReference section */

/* Begin PBXFrameworksBuildPhase section */
		BAA8318F2824A06000349BC0 /* Frameworks */ = {
			isa = PBXFrameworksBuildPhase;
			buildActionMask = 2147483647;
			files = (
			);
			runOnlyForDeploymentPostprocessing = 0;
		};
		BAA831A52824A06100349BC0 /* Frameworks */ = {
			isa = PBXFrameworksBuildPhase;
			buildActionMask = 2147483647;
			files = (
			);
			runOnlyForDeploymentPostprocessing = 0;
		};
		BAA831AF2824A06100349BC0 /* Frameworks */ = {
			isa = PBXFrameworksBuildPhase;
			buildActionMask = 2147483647;
			files = (
			);
			runOnlyForDeploymentPostprocessing = 0;
		};
/* End PBXFrameworksBuildPhase section */

/* Begin PBXGroup section */
		BAA831892824A06000349BC0 = {
			isa = PBXGroup;
			children = (
				BAA831942824A06000349BC0 /* Sound */,
				BAA831AB2824A06100349BC0 /* SoundTests */,
				BAA831B52824A06100349BC0 /* SoundUITests */,
				BAA831932824A06000349BC0 /* Products */,
			);
			sourceTree = "<group>";
		};
		BAA831932824A06000349BC0 /* Products */ = {
			isa = PBXGroup;
			children = (
				BAA831922824A06000349BC0 /* Sound.app */,
				BAA831A82824A06100349BC0 /* SoundTests.xctest */,
				BAA831B22824A06100349BC0 /* SoundUITests.xctest */,
			);
			name = Products;
			sourceTree = "<group>";
		};
		BAA831942824A06000349BC0 /* Sound */ = {
			isa = PBXGroup;
			children = (
				BAA831952824A06000349BC0 /* AppDelegate.swift */,
				BAA831972824A06000349BC0 /* SceneDelegate.swift */,
				BAA831992824A06000349BC0 /* _ViewController.swift */,
				BAA832012824CB5B00349BC0 /* ViewController.swift */,
				BAA8319B2824A06000349BC0 /* Main.storyboard */,
				BAA8319E2824A06000349BC0 /* Assets.xcassets */,
				BAA831A02824A06000349BC0 /* LaunchScreen.storyboard */,
				BAA831A32824A06000349BC0 /* Info.plist */,
			);
			path = Sound;
			sourceTree = "<group>";
		};
		BAA831AB2824A06100349BC0 /* SoundTests */ = {
			isa = PBXGroup;
			children = (
				BAA831AC2824A06100349BC0 /* SoundTests.swift */,
			);
			path = SoundTests;
			sourceTree = "<group>";
		};
		BAA831B52824A06100349BC0 /* SoundUITests */ = {
			isa = PBXGroup;
			children = (
				BAA831B62824A06100349BC0 /* SoundUITests.swift */,
				BAA831B82824A06100349BC0 /* SoundUITestsLaunchTests.swift */,
			);
			path = SoundUITests;
			sourceTree = "<group>";
		};
/* End PBXGroup section */

/* Begin PBXNativeTarget section */
		BAA831912824A06000349BC0 /* Sound */ = {
			isa = PBXNativeTarget;
			buildConfigurationList = BAA831BC2824A06100349BC0 /* Build configuration list for PBXNativeTarget "Sound" */;
			buildPhases = (
				BAA8318E2824A06000349BC0 /* Sources */,
				BAA8318F2824A06000349BC0 /* Frameworks */,
				BAA831902824A06000349BC0 /* Resources */,
			);
			buildRules = (
			);
			dependencies = (
			);
			name = Sound;
			productName = Sound;
			productReference = BAA831922824A06000349BC0 /* Sound.app */;
			productType = "com.apple.product-type.application";
		};
		BAA831A72824A06100349BC0 /* SoundTests */ = {
			isa = PBXNativeTarget;
			buildConfigurationList = BAA831BF2824A06100349BC0 /* Build configuration list for PBXNativeTarget "SoundTests" */;
			buildPhases = (
				BAA831A42824A06100349BC0 /* Sources */,
				BAA831A52824A06100349BC0 /* Frameworks */,
				BAA831A62824A06100349BC0 /* Resources */,
			);
			buildRules = (
			);
			dependencies = (
				BAA831AA2824A06100349BC0 /* PBXTargetDependency */,
			);
			name = SoundTests;
			productName = SoundTests;
			productReference = BAA831A82824A06100349BC0 /* SoundTests.xctest */;
			productType = "com.apple.product-type.bundle.unit-test";
		};
		BAA831B12824A06100349BC0 /* SoundUITests */ = {
			isa = PBXNativeTarget;
			buildConfigurationList = BAA831C22824A06100349BC0 /* Build configuration list for PBXNativeTarget "SoundUITests" */;
			buildPhases = (
				BAA831AE2824A06100349BC0 /* Sources */,
				BAA831AF2824A06100349BC0 /* Frameworks */,
				BAA831B02824A06100349BC0 /* Resources */,
			);
			buildRules = (
			);
			dependencies = (
				BAA831B42824A06100349BC0 /* PBXTargetDependency */,
			);
			name = SoundUITests;
			productName = SoundUITests;
			productReference = BAA831B22824A06100349BC0 /* SoundUITests.xctest */;
			productType = "com.apple.product-type.bundle.ui-testing";
		};
/* End PBXNativeTarget section */

/* Begin PBXProject section */
		BAA8318A2824A06000349BC0 /* Project object */ = {
			isa = PBXProject;
			attributes = {
				BuildIndependentTargetsInParallel = 1;
				LastSwiftUpdateCheck = 1330;
				LastUpgradeCheck = 1330;
				TargetAttributes = {
					BAA831912824A06000349BC0 = {
						CreatedOnToolsVersion = 13.3.1;
					};
					BAA831A72824A06100349BC0 = {
						CreatedOnToolsVersion = 13.3.1;
						TestTargetID = BAA831912824A06000349BC0;
					};
					BAA831B12824A06100349BC0 = {
						CreatedOnToolsVersion = 13.3.1;
						TestTargetID = BAA831912824A06000349BC0;
					};
				};
			};
			buildConfigurationList = BAA8318D2824A06000349BC0 /* Build configuration list for PBXProject "Sound" */;
			compatibilityVersion = "Xcode 13.0";
			developmentRegion = en;
			hasScannedForEncodings = 0;
			knownRegions = (
				en,
				Base,
			);
			mainGroup = BAA831892824A06000349BC0;
			productRefGroup = BAA831932824A06000349BC0 /* Products */;
			projectDirPath = "";
			projectRoot = "";
			targets = (
				BAA831912824A06000349BC0 /* Sound */,
				BAA831A72824A06100349BC0 /* SoundTests */,
				BAA831B12824A06100349BC0 /* SoundUITests */,
			);
		};
/* End PBXProject section */

/* Begin PBXResourcesBuildPhase section */
		BAA831902824A06000349BC0 /* Resources */ = {
			isa = PBXResourcesBuildPhase;
			buildActionMask = 2147483647;
			files = (
				BAA831A22824A06000349BC0 /* LaunchScreen.storyboard in Resources */,
				BAA8319F2824A06000349BC0 /* Assets.xcassets in Resources */,
				BAA8319D2824A06000349BC0 /* Main.storyboard in Resources */,
			);
			runOnlyForDeploymentPostprocessing = 0;
		};
		BAA831A62824A06100349BC0 /* Resources */ = {
			isa = PBXResourcesBuildPhase;
			buildActionMask = 2147483647;
			files = (
			);
			runOnlyForDeploymentPostprocessing = 0;
		};
		BAA831B02824A06100349BC0 /* Resources */ = {
			isa = PBXResourcesBuildPhase;
			buildActionMask = 2147483647;
			files = (
			);
			runOnlyForDeploymentPostprocessing = 0;
		};
/* End PBXResourcesBuildPhase section */

/* Begin PBXSourcesBuildPhase section */
		BAA8318E2824A06000349BC0 /* Sources */ = {
			isa = PBXSourcesBuildPhase;
			buildActionMask = 2147483647;
			files = (
				BAA8319A2824A06000349BC0 /* _ViewController.swift in Sources */,
				BAA831962824A06000349BC0 /* AppDelegate.swift in Sources */,
				BAA832022824CB5B00349BC0 /* ViewController.swift in Sources */,
				BAA831982824A06000349BC0 /* SceneDelegate.swift in Sources */,
			);
			runOnlyForDeploymentPostprocessing = 0;
		};
		BAA831A42824A06100349BC0 /* Sources */ = {
			isa = PBXSourcesBuildPhase;
			buildActionMask = 2147483647;
			files = (
				BAA831AD2824A06100349BC0 /* SoundTests.swift in Sources */,
			);
			runOnlyForDeploymentPostprocessing = 0;
		};
		BAA831AE2824A06100349BC0 /* Sources */ = {
			isa = PBXSourcesBuildPhase;
			buildActionMask = 2147483647;
			files = (
				BAA831B92824A06100349BC0 /* SoundUITestsLaunchTests.swift in Sources */,
				BAA831B72824A06100349BC0 /* SoundUITests.swift in Sources */,
			);
			runOnlyForDeploymentPostprocessing = 0;
		};
/* End PBXSourcesBuildPhase section */

/* Begin PBXTargetDependency section */
		BAA831AA2824A06100349BC0 /* PBXTargetDependency */ = {
			isa = PBXTargetDependency;
			target = BAA831912824A06000349BC0 /* Sound */;
			targetProxy = BAA831A92824A06100349BC0 /* PBXContainerItemProxy */;
		};
		BAA831B42824A06100349BC0 /* PBXTargetDependency */ = {
			isa = PBXTargetDependency;
			target = BAA831912824A06000349BC0 /* Sound */;
			targetProxy = BAA831B32824A06100349BC0 /* PBXContainerItemProxy */;
		};
/* End PBXTargetDependency section */

/* Begin PBXVariantGroup section */
		BAA8319B2824A06000349BC0 /* Main.storyboard */ = {
			isa = PBXVariantGroup;
			children = (
				BAA8319C2824A06000349BC0 /* Base */,
			);
			name = Main.storyboard;
			sourceTree = "<group>";
		};
		BAA831A02824A06000349BC0 /* LaunchScreen.storyboard */ = {
			isa = PBXVariantGroup;
			children = (
				BAA831A12824A06000349BC0 /* Base */,
			);
			name = LaunchScreen.storyboard;
			sourceTree = "<group>";
		};
/* End PBXVariantGroup section */

/* Begin XCBuildConfiguration section */
		BAA831BA2824A06100349BC0 /* Debug */ = {
			isa = XCBuildConfiguration;
			buildSettings = {
				ALWAYS_SEARCH_USER_PATHS = NO;
				CLANG_ANALYZER_NONNULL = YES;
				CLANG_ANALYZER_NUMBER_OBJECT_CONVERSION = YES_AGGRESSIVE;
				CLANG_CXX_LANGUAGE_STANDARD = "gnu++17";
				CLANG_ENABLE_MODULES = YES;
				CLANG_ENABLE_OBJC_ARC = YES;
				CLANG_ENABLE_OBJC_WEAK = YES;
				CLANG_WARN_BLOCK_CAPTURE_AUTORELEASING = YES;
				CLANG_WARN_BOOL_CONVERSION = YES;
				CLANG_WARN_COMMA = YES;
				CLANG_WARN_CONSTANT_CONVERSION = YES;
				CLANG_WARN_DEPRECATED_OBJC_IMPLEMENTATIONS = YES;
				CLANG_WARN_DIRECT_OBJC_ISA_USAGE = YES_ERROR;
				CLANG_WARN_DOCUMENTATION_COMMENTS = YES;
				CLANG_WARN_EMPTY_BODY = YES;
				CLANG_WARN_ENUM_CONVERSION = YES;
				CLANG_WARN_INFINITE_RECURSION = YES;
				CLANG_WARN_INT_CONVERSION = YES;
				CLANG_WARN_NON_LITERAL_NULL_CONVERSION = YES;
				CLANG_WARN_OBJC_IMPLICIT_RETAIN_SELF = YES;
				CLANG_WARN_OBJC_LITERAL_CONVERSION = YES;
				CLANG_WARN_OBJC_ROOT_CLASS = YES_ERROR;
				CLANG_WARN_QUOTED_INCLUDE_IN_FRAMEWORK_HEADER = YES;
				CLANG_WARN_RANGE_LOOP_ANALYSIS = YES;
				CLANG_WARN_STRICT_PROTOTYPES = YES;
				CLANG_WARN_SUSPICIOUS_MOVE = YES;
				CLANG_WARN_UNGUARDED_AVAILABILITY = YES_AGGRESSIVE;
				CLANG_WARN_UNREACHABLE_CODE = YES;
				CLANG_WARN__DUPLICATE_METHOD_MATCH = YES;
				COPY_PHASE_STRIP = NO;
				DEBUG_INFORMATION_FORMAT = dwarf;
				ENABLE_STRICT_OBJC_MSGSEND = YES;
				ENABLE_TESTABILITY = YES;
				GCC_C_LANGUAGE_STANDARD = gnu11;
				GCC_DYNAMIC_NO_PIC = NO;
				GCC_NO_COMMON_BLOCKS = YES;
				GCC_OPTIMIZATION_LEVEL = 0;
				GCC_PREPROCESSOR_DEFINITIONS = (
					"DEBUG=1",
					"$(inherited)",
				);
				GCC_WARN_64_TO_32_BIT_CONVERSION = YES;
				GCC_WARN_ABOUT_RETURN_TYPE = YES_ERROR;
				GCC_WARN_UNDECLARED_SELECTOR = YES;
				GCC_WARN_UNINITIALIZED_AUTOS = YES_AGGRESSIVE;
				GCC_WARN_UNUSED_FUNCTION = YES;
				GCC_WARN_UNUSED_VARIABLE = YES;
				IPHONEOS_DEPLOYMENT_TARGET = 15.4;
				MTL_ENABLE_DEBUG_INFO = INCLUDE_SOURCE;
				MTL_FAST_MATH = YES;
				ONLY_ACTIVE_ARCH = YES;
				SDKROOT = iphoneos;
				SWIFT_ACTIVE_COMPILATION_CONDITIONS = DEBUG;
				SWIFT_OPTIMIZATION_LEVEL = "-Onone";
			};
			name = Debug;
		};
		BAA831BB2824A06100349BC0 /* Release */ = {
			isa = XCBuildConfiguration;
			buildSettings = {
				ALWAYS_SEARCH_USER_PATHS = NO;
				CLANG_ANALYZER_NONNULL = YES;
				CLANG_ANALYZER_NUMBER_OBJECT_CONVERSION = YES_AGGRESSIVE;
				CLANG_CXX_LANGUAGE_STANDARD = "gnu++17";
				CLANG_ENABLE_MODULES = YES;
				CLANG_ENABLE_OBJC_ARC = YES;
				CLANG_ENABLE_OBJC_WEAK = YES;
				CLANG_WARN_BLOCK_CAPTURE_AUTORELEASING = YES;
				CLANG_WARN_BOOL_CONVERSION = YES;
				CLANG_WARN_COMMA = YES;
				CLANG_WARN_CONSTANT_CONVERSION = YES;
				CLANG_WARN_DEPRECATED_OBJC_IMPLEMENTATIONS = YES;
				CLANG_WARN_DIRECT_OBJC_ISA_USAGE = YES_ERROR;
				CLANG_WARN_DOCUMENTATION_COMMENTS = YES;
				CLANG_WARN_EMPTY_BODY = YES;
				CLANG_WARN_ENUM_CONVERSION = YES;
				CLANG_WARN_INFINITE_RECURSION = YES;
				CLANG_WARN_INT_CONVERSION = YES;
				CLANG_WARN_NON_LITERAL_NULL_CONVERSION = YES;
				CLANG_WARN_OBJC_IMPLICIT_RETAIN_SELF = YES;
				CLANG_WARN_OBJC_LITERAL_CONVERSION = YES;
				CLANG_WARN_OBJC_ROOT_CLASS = YES_ERROR;
				CLANG_WARN_QUOTED_INCLUDE_IN_FRAMEWORK_HEADER = YES;
				CLANG_WARN_RANGE_LOOP_ANALYSIS = YES;
				CLANG_WARN_STRICT_PROTOTYPES = YES;
				CLANG_WARN_SUSPICIOUS_MOVE = YES;
				CLANG_WARN_UNGUARDED_AVAILABILITY = YES_AGGRESSIVE;
				CLANG_WARN_UNREACHABLE_CODE = YES;
				CLANG_WARN__DUPLICATE_METHOD_MATCH = YES;
				COPY_PHASE_STRIP = NO;
				DEBUG_INFORMATION_FORMAT = "dwarf-with-dsym";
				ENABLE_NS_ASSERTIONS = NO;
				ENABLE_STRICT_OBJC_MSGSEND = YES;
				GCC_C_LANGUAGE_STANDARD = gnu11;
				GCC_NO_COMMON_BLOCKS = YES;
				GCC_WARN_64_TO_32_BIT_CONVERSION = YES;
				GCC_WARN_ABOUT_RETURN_TYPE = YES_ERROR;
				GCC_WARN_UNDECLARED_SELECTOR = YES;
				GCC_WARN_UNINITIALIZED_AUTOS = YES_AGGRESSIVE;
				GCC_WARN_UNUSED_FUNCTION = YES;
				GCC_WARN_UNUSED_VARIABLE = YES;
				IPHONEOS_DEPLOYMENT_TARGET = 15.4;
				MTL_ENABLE_DEBUG_INFO = NO;
				MTL_FAST_MATH = YES;
				SDKROOT = iphoneos;
				SWIFT_COMPILATION_MODE = wholemodule;
				SWIFT_OPTIMIZATION_LEVEL = "-O";
				VALIDATE_PRODUCT = YES;
			};
			name = Release;
		};
		BAA831BD2824A06100349BC0 /* Debug */ = {
			isa = XCBuildConfiguration;
			buildSettings = {
				ASSETCATALOG_COMPILER_APPICON_NAME = AppIcon;
				ASSETCATALOG_COMPILER_GLOBAL_ACCENT_COLOR_NAME = AccentColor;
				CODE_SIGN_STYLE = Automatic;
				CURRENT_PROJECT_VERSION = 1;
				DEVELOPMENT_TEAM = 7947K7LHD3;
				GENERATE_INFOPLIST_FILE = YES;
				INFOPLIST_FILE = Sound/Info.plist;
				INFOPLIST_KEY_UIApplicationSupportsIndirectInputEvents = YES;
				INFOPLIST_KEY_UILaunchStoryboardName = LaunchScreen;
				INFOPLIST_KEY_UIMainStoryboardFile = Main;
				INFOPLIST_KEY_UISupportedInterfaceOrientations_iPad = "UIInterfaceOrientationPortrait UIInterfaceOrientationPortraitUpsideDown UIInterfaceOrientationLandscapeLeft UIInterfaceOrientationLandscapeRight";
				INFOPLIST_KEY_UISupportedInterfaceOrientations_iPhone = "UIInterfaceOrientationPortrait UIInterfaceOrientationLandscapeLeft UIInterfaceOrientationLandscapeRight";
				LD_RUNPATH_SEARCH_PATHS = (
					"$(inherited)",
					"@executable_path/Frameworks",
				);
				MARKETING_VERSION = 1.0;
				PRODUCT_BUNDLE_IDENTIFIER = com.mmng.Sound;
				PRODUCT_NAME = "$(TARGET_NAME)";
				SWIFT_EMIT_LOC_STRINGS = YES;
				SWIFT_VERSION = 5.0;
				TARGETED_DEVICE_FAMILY = "1,2";
			};
			name = Debug;
		};
		BAA831BE2824A06100349BC0 /* Release */ = {
			isa = XCBuildConfiguration;
			buildSettings = {
				ASSETCATALOG_COMPILER_APPICON_NAME = AppIcon;
				ASSETCATALOG_COMPILER_GLOBAL_ACCENT_COLOR_NAME = AccentColor;
				CODE_SIGN_STYLE = Automatic;
				CURRENT_PROJECT_VERSION = 1;
				DEVELOPMENT_TEAM = 7947K7LHD3;
				GENERATE_INFOPLIST_FILE = YES;
				INFOPLIST_FILE = Sound/Info.plist;
				INFOPLIST_KEY_UIApplicationSupportsIndirectInputEvents = YES;
				INFOPLIST_KEY_UILaunchStoryboardName = LaunchScreen;
				INFOPLIST_KEY_UIMainStoryboardFile = Main;
				INFOPLIST_KEY_UISupportedInterfaceOrientations_iPad = "UIInterfaceOrientationPortrait UIInterfaceOrientationPortraitUpsideDown UIInterfaceOrientationLandscapeLeft UIInterfaceOrientationLandscapeRight";
				INFOPLIST_KEY_UISupportedInterfaceOrientations_iPhone = "UIInterfaceOrientationPortrait UIInterfaceOrientationLandscapeLeft UIInterfaceOrientationLandscapeRight";
				LD_RUNPATH_SEARCH_PATHS = (
					"$(inherited)",
					"@executable_path/Frameworks",
				);
				MARKETING_VERSION = 1.0;
				PRODUCT_BUNDLE_IDENTIFIER = com.mmng.Sound;
				PRODUCT_NAME = "$(TARGET_NAME)";
				SWIFT_EMIT_LOC_STRINGS = YES;
				SWIFT_VERSION = 5.0;
				TARGETED_DEVICE_FAMILY = "1,2";
			};
			name = Release;
		};
		BAA831C02824A06100349BC0 /* Debug */ = {
			isa = XCBuildConfiguration;
			buildSettings = {
				ALWAYS_EMBED_SWIFT_STANDARD_LIBRARIES = YES;
				BUNDLE_LOADER = "$(TEST_HOST)";
				CODE_SIGN_STYLE = Automatic;
				CURRENT_PROJECT_VERSION = 1;
				DEVELOPMENT_TEAM = 7947K7LHD3;
				GENERATE_INFOPLIST_FILE = YES;
				IPHONEOS_DEPLOYMENT_TARGET = 15.4;
				MARKETING_VERSION = 1.0;
				PRODUCT_BUNDLE_IDENTIFIER = com.mmng.SoundTests;
				PRODUCT_NAME = "$(TARGET_NAME)";
				SWIFT_EMIT_LOC_STRINGS = NO;
				SWIFT_VERSION = 5.0;
				TARGETED_DEVICE_FAMILY = "1,2";
				TEST_HOST = "$(BUILT_PRODUCTS_DIR)/Sound.app/Sound";
			};
			name = Debug;
		};
		BAA831C12824A06100349BC0 /* Release */ = {
			isa = XCBuildConfiguration;
			buildSettings = {
				ALWAYS_EMBED_SWIFT_STANDARD_LIBRARIES = YES;
				BUNDLE_LOADER = "$(TEST_HOST)";
				CODE_SIGN_STYLE = Automatic;
				CURRENT_PROJECT_VERSION = 1;
				DEVELOPMENT_TEAM = 7947K7LHD3;
				GENERATE_INFOPLIST_FILE = YES;
				IPHONEOS_DEPLOYMENT_TARGET = 15.4;
				MARKETING_VERSION = 1.0;
				PRODUCT_BUNDLE_IDENTIFIER = com.mmng.SoundTests;
				PRODUCT_NAME = "$(TARGET_NAME)";
				SWIFT_EMIT_LOC_STRINGS = NO;
				SWIFT_VERSION = 5.0;
				TARGETED_DEVICE_FAMILY = "1,2";
				TEST_HOST = "$(BUILT_PRODUCTS_DIR)/Sound.app/Sound";
			};
			name = Release;
		};
		BAA831C32824A06100349BC0 /* Debug */ = {
			isa = XCBuildConfiguration;
			buildSettings = {
				ALWAYS_EMBED_SWIFT_STANDARD_LIBRARIES = YES;
				CODE_SIGN_STYLE = Automatic;
				CURRENT_PROJECT_VERSION = 1;
				DEVELOPMENT_TEAM = 7947K7LHD3;
				GENERATE_INFOPLIST_FILE = YES;
				MARKETING_VERSION = 1.0;
				PRODUCT_BUNDLE_IDENTIFIER = com.mmng.SoundUITests;
				PRODUCT_NAME = "$(TARGET_NAME)";
				SWIFT_EMIT_LOC_STRINGS = NO;
				SWIFT_VERSION = 5.0;
				TARGETED_DEVICE_FAMILY = "1,2";
				TEST_TARGET_NAME = Sound;
			};
			name = Debug;
		};
		BAA831C42824A06100349BC0 /* Release */ = {
			isa = XCBuildConfiguration;
			buildSettings = {
				ALWAYS_EMBED_SWIFT_STANDARD_LIBRARIES = YES;
				CODE_SIGN_STYLE = Automatic;
				CURRENT_PROJECT_VERSION = 1;
				DEVELOPMENT_TEAM = 7947K7LHD3;
				GENERATE_INFOPLIST_FILE = YES;
				MARKETING_VERSION = 1.0;
				PRODUCT_BUNDLE_IDENTIFIER = com.mmng.SoundUITests;
				PRODUCT_NAME = "$(TARGET_NAME)";
				SWIFT_EMIT_LOC_STRINGS = NO;
				SWIFT_VERSION = 5.0;
				TARGETED_DEVICE_FAMILY = "1,2";
				TEST_TARGET_NAME = Sound;
			};
			name = Release;
		};
/* End XCBuildConfiguration section */

/* Begin XCConfigurationList section */
		BAA8318D2824A06000349BC0 /* Build configuration list for PBXProject "Sound" */ = {
			isa = XCConfigurationList;
			buildConfigurations = (
				BAA831BA2824A06100349BC0 /* Debug */,
				BAA831BB2824A06100349BC0 /* Release */,
			);
			defaultConfigurationIsVisible = 0;
			defaultConfigurationName = Release;
		};
		BAA831BC2824A06100349BC0 /* Build configuration list for PBXNativeTarget "Sound" */ = {
			isa = XCConfigurationList;
			buildConfigurations = (
				BAA831BD2824A06100349BC0 /* Debug */,
				BAA831BE2824A06100349BC0 /* Release */,
			);
			defaultConfigurationIsVisible = 0;
			defaultConfigurationName = Release;
		};
		BAA831BF2824A06100349BC0 /* Build configuration list for PBXNativeTarget "SoundTests" */ = {
			isa = XCConfigurationList;
			buildConfigurations = (
				BAA831C02824A06100349BC0 /* Debug */,
				BAA831C12824A06100349BC0 /* Release */,
			);
			defaultConfigurationIsVisible = 0;
			defaultConfigurationName = Release;
		};
		BAA831C22824A06100349BC0 /* Build configuration list for PBXNativeTarget "SoundUITests" */ = {
			isa = XCConfigurationList;
			buildConfigurations = (
				BAA831C32824A06100349BC0 /* Debug */,
				BAA831C42824A06100349BC0 /* Release */,
			);
			defaultConfigurationIsVisible = 0;
			defaultConfigurationName = Release;
		};
/* End XCConfigurationList section */
	};
	rootObject = BAA8318A2824A06000349BC0 /* Project object */;
}
